
Microsoft Visual Studio Solution File, Format Version 12.00
# Visual Studio Version 17
VisualStudioVersion = 17.14.37012.4 d17.14
MinimumVisualStudioVersion = 10.0.40219.1
Project("{FAE04EC0-301F-11D3-BF4B-00C04F79EFBC}") = "DisplayingTabularData", "DisplayingTabularData\DisplayingTabularData.csproj", "{C6692444-E442-4F7D-8B69-9E2E53CFC54C}"
EndProject
Global
	GlobalSection(SolutionConfigurationPlatforms) = preSolution
		Debug|Any CPU = Debug|Any CPU
		Release|Any CPU = Release|Any CPU
	EndGlobalSection
	GlobalSection(ProjectConfigurationPlatforms) = postSolution
		{C6692444-E442-4F7D-8B69-9E2E53CFC54C}.Debug|Any CPU.ActiveCfg = Debug|Any CPU
		{C6692444-E442-4F7D-8B69-9E2E53CFC54C}.Debug|Any CPU.Build.0 = Debug|Any CPU
		{C6692444-E442-4F7D-8B69-9E2E53CFC54C}.Release|Any CPU.ActiveCfg = Release|Any CPU
		{C6692444-E442-4F7D-8B69-9E2E53CFC54C}.Release|Any CPU.Build.0 = Release|Any CPU
	EndGlobalSection
	GlobalSection(SolutionProperties) = preSolution
		HideSolutionNode = FALSE
	EndGlobalSection
	GlobalSection(ExtensibilityGlobals) = postSolution
		SolutionGuid = {97D6EC67-9C17-46C3-B065-8A4800700510}
	EndGlobalSection
EndGlobal
